
Microsoft Visual Studio Solution File, Format Version 12.00
# Visual Studio Version 17
VisualStudioVersion = 17.5.001.0
MinimumVisualStudioVersion = 10.0.40219.1
Project("{9A19103F-16F7-4668-BE54-9A1E7A4F7556}") = "DataTypes", "DataTypes\DataTypes.csproj", "{C61C8A43-1612-49F8-80E1-844C648E62F9}"
EndProject
Project("{9A19103F-16F7-4668-BE54-9A1E7A4F7556}") = "Variables", "Variables\Variables.csproj", "{2F57140F-CB46-46D4-95D3-99CE61141785}"
EndProject
Project("{9A19103F-16F7-4668-BE54-9A1E7A4F7556}") = "Collections", "Collections\Collections.csproj", "{A8D088C7-BD91-43A0-809F-248363403BBC}"
EndProject
Project("{9A19103F-16F7-4668-BE54-9A1E7A4F7556}") = "Operators", "Operators\Operators.csproj", "{47DB878A-A6B8-430A-9014-3FE64798E6E6}"
EndProject
Project("{9A19103F-16F7-4668-BE54-9A1E7A4F7556}") = "ControlFlow", "ControlFlow\ControlFlow.csproj", "{3878596C-E89A-4D9A-BB04-7428659472F3}"
EndProject
Global
	GlobalSection(SolutionConfigurationPlatforms) = preSolution
		Debug|Any CPU = Debug|Any CPU
		Release|Any CPU = Release|Any CPU
	EndGlobalSection
	GlobalSection(ProjectConfigurationPlatforms) = postSolution
		{C61C8A43-1612-49F8-80E1-844C648E62F9}.Debug|Any CPU.ActiveCfg = Debug|Any CPU
		{C61C8A43-1612-49F8-80E1-844C648E62F9}.Debug|Any CPU.Build.0 = Debug|Any CPU
		{C61C8A43-1612-49F8-80E1-844C648E62F9}.Release|Any CPU.ActiveCfg = Release|Any CPU
		{C61C8A43-1612-49F8-80E1-844C648E62F9}.Release|Any CPU.Build.0 = Release|Any CPU
		{2F57140F-CB46-46D4-95D3-99CE61141785}.Debug|Any CPU.ActiveCfg = Debug|Any CPU
		{2F57140F-CB46-46D4-95D3-99CE61141785}.Debug|Any CPU.Build.0 = Debug|Any CPU
		{2F57140F-CB46-46D4-95D3-99CE61141785}.Release|Any CPU.ActiveCfg = Release|Any CPU
		{2F57140F-CB46-46D4-95D3-99CE61141785}.Release|Any CPU.Build.0 = Release|Any CPU
		{A8D088C7-BD91-43A0-809F-248363403BBC}.Debug|Any CPU.ActiveCfg = Debug|Any CPU
		{A8D088C7-BD91-43A0-809F-248363403BBC}.Debug|Any CPU.Build.0 = Debug|Any CPU
		{A8D088C7-BD91-43A0-809F-248363403BBC}.Release|Any CPU.ActiveCfg = Release|Any CPU
		{A8D088C7-BD91-43A0-809F-248363403BBC}.Release|Any CPU.Build.0 = Release|Any CPU
		{47DB878A-A6B8-430A-9014-3FE64798E6E6}.Debug|Any CPU.ActiveCfg = Debug|Any CPU
		{47DB878A-A6B8-430A-9014-3FE64798E6E6}.Debug|Any CPU.Build.0 = Debug|Any CPU
		{47DB878A-A6B8-430A-9014-3FE64798E6E6}.Release|Any CPU.ActiveCfg = Release|Any CPU
		{47DB878A-A6B8-430A-9014-3FE64798E6E6}.Release|Any CPU.Build.0 = Release|Any CPU
		{3878596C-E89A-4D9A-BB04-7428659472F3}.Debug|Any CPU.ActiveCfg = Debug|Any CPU
		{3878596C-E89A-4D9A-BB04-7428659472F3}.Debug|Any CPU.Build.0 = Debug|Any CPU
		{3878596C-E89A-4D9A-BB04-7428659472F3}.Release|Any CPU.ActiveCfg = Release|Any CPU
		{3878596C-E89A-4D9A-BB04-7428659472F3}.Release|Any CPU.Build.0 = Release|Any CPU
	EndGlobalSection
	GlobalSection(SolutionProperties) = preSolution
		HideSolutionNode = FALSE
	EndGlobalSection
	GlobalSection(ExtensibilityGlobals) = postSolution
		SolutionGuid = {557E58C9-339E-405B-AFC8-C5507926F7EB}
	EndGlobalSection
EndGlobal
